lockfileVersion: 5.4

specifiers:
  '@prettier/plugin-xml': ^2.2.0
  prettier: ^2.8.3

devDependencies:
  '@prettier/plugin-xml': 2.2.0
  prettier: 2.8.3

packages:

  /@prettier/plugin-xml/2.2.0:
    resolution: {integrity: sha512-UWRmygBsyj4bVXvDiqSccwT1kmsorcwQwaIy30yVh8T+Gspx4OlC0shX1y+ZuwXZvgnafmpRYKks0bAu9urJew==}
    dependencies:
      '@xml-tools/parser': 1.0.11
      prettier: 2.8.3
    dev: true

  /@xml-tools/parser/1.0.11:
    resolution: {integrity: sha512-aKqQ077XnR+oQtHJlrAflaZaL7qZsulWc/i/ZEooar5JiWj1eLt0+Wg28cpa+XLney107wXqneC+oG1IZvxkTA==}
    dependencies:
      chevrotain: 7.1.1
    dev: true

  /chevrotain/7.1.1:
    resolution: {integrity: sha512-wy3mC1x4ye+O+QkEinVJkPf5u2vsrDIYW9G7ZuwFl6v/Yu0LwUuT2POsb+NUWApebyxfkQq6+yDfRExbnI5rcw==}
    dependencies:
      regexp-to-ast: 0.5.0
    dev: true

  /prettier/2.8.3:
    resolution: {integrity: sha512-tJ/oJ4amDihPoufT5sM0Z1SKEuKay8LfVAMlbbhnnkvt6BUserZylqo2PN+p9KeljLr0OHa2rXHU1T8reeoTrw==}
    engines: {node: '>=10.13.0'}
    hasBin: true
    dev: true

  /regexp-to-ast/0.5.0:
    resolution: {integrity: sha512-tlbJqcMHnPKI9zSrystikWKwHkBqu2a/Sgw01h3zFjvYrMxEDYHzzoMZnUrbIfpTFEsoRnnviOXNCzFiSc54Qw==}
    dev: true
